
Microsoft Visual Studio Solution File, Format Version 12.00
# Visual Studio Version 16
VisualStudioVersion = 16.0.29201.188
MinimumVisualStudioVersion = 10.0.40219.1
Project("{FAE04EC0-301F-11D3-BF4B-00C04F79EFBC}") = "ASP Framework", "ASP Framework\ASP Framework.csproj", "{669154E3-CB8A-41F7-A4E1-B1AF739D2AFD}"
EndProject
Global
	GlobalSection(SolutionConfigurationPlatforms) = preSolution
		Debug|Any CPU = Debug|Any CPU
		Release|Any CPU = Release|Any CPU
	EndGlobalSection
	GlobalSection(ProjectConfigurationPlatforms) = postSolution
		{669154E3-CB8A-41F7-A4E1-B1AF739D2AFD}.Debug|Any CPU.ActiveCfg = Debug|Any CPU
		{669154E3-CB8A-41F7-A4E1-B1AF739D2AFD}.Debug|Any CPU.Build.0 = Debug|Any CPU
		{669154E3-CB8A-41F7-A4E1-B1AF739D2AFD}.Release|Any CPU.ActiveCfg = Release|Any CPU
		{669154E3-CB8A-41F7-A4E1-B1AF739D2AFD}.Release|Any CPU.Build.0 = Release|Any CPU
	EndGlobalSection
	GlobalSection(SolutionProperties) = preSolution
		HideSolutionNode = FALSE
	EndGlobalSection
	GlobalSection(ExtensibilityGlobals) = postSolution
		SolutionGuid = {9D07730C-5563-4D70-9EA1-638609BE2583}
	EndGlobalSection
EndGlobal
